
Microsoft Visual Studio Solution File, Format Version 12.00
# Visual Studio Version 16
VisualStudioVersion = 16.0.31129.286
MinimumVisualStudioVersion = 10.0.40219.1
Project("{FAE04EC0-301F-11D3-BF4B-00C04F79EFBC}") = "FastFoodRestaurant", "FastFoodRestaurant\FastFoodRestaurant.csproj", "{71506358-BB48-46BB-9FF2-7B0CD4707AB2}"
EndProject
Global
	GlobalSection(SolutionConfigurationPlatforms) = preSolution
		Debug|Any CPU = Debug|Any CPU
		Release|Any CPU = Release|Any CPU
	EndGlobalSection
	GlobalSection(ProjectConfigurationPlatforms) = postSolution
		{71506358-BB48-46BB-9FF2-7B0CD4707AB2}.Debug|Any CPU.ActiveCfg = Debug|Any CPU
		{71506358-BB48-46BB-9FF2-7B0CD4707AB2}.Debug|Any CPU.Build.0 = Debug|Any CPU
		{71506358-BB48-46BB-9FF2-7B0CD4707AB2}.Release|Any CPU.ActiveCfg = Release|Any CPU
		{71506358-BB48-46BB-9FF2-7B0CD4707AB2}.Release|Any CPU.Build.0 = Release|Any CPU
	EndGlobalSection
	GlobalSection(SolutionProperties) = preSolution
		HideSolutionNode = FALSE
	EndGlobalSection
	GlobalSection(ExtensibilityGlobals) = postSolution
		SolutionGuid = {6F46AAC4-6599-480B-9658-2DF8E74E9F38}
	EndGlobalSection
EndGlobal
